
Microsoft Visual Studio Solution File, Format Version 12.00
# Visual Studio 2015
Project("{FAE04EC0-301F-11D3-BF4B-00C04F79EFBC}") = "TankLike.CSharp", "TankLike.CSharp.csproj", "{AD007FB9-0521-548B-E0DC-936F1D0C2421}"
EndProject
Global
	GlobalSection(SolutionConfigurationPlatforms) = preSolution
		Debug|Any CPU = Debug|Any CPU
		Release|Any CPU = Release|Any CPU
	EndGlobalSection
	GlobalSection(ProjectConfigurationPlatforms) = postSolution
		{AD007FB9-0521-548B-E0DC-936F1D0C2421}.Debug|Any CPU.ActiveCfg = Debug|Any CPU
		{AD007FB9-0521-548B-E0DC-936F1D0C2421}.Debug|Any CPU.Build.0 = Debug|Any CPU
		{AD007FB9-0521-548B-E0DC-936F1D0C2421}.Release|Any CPU.ActiveCfg = Release|Any CPU
		{AD007FB9-0521-548B-E0DC-936F1D0C2421}.Release|Any CPU.Build.0 = Release|Any CPU
	EndGlobalSection
	GlobalSection(SolutionProperties) = preSolution
		HideSolutionNode = FALSE
	EndGlobalSection
EndGlobal
